
Microsoft Visual Studio Solution File, Format Version 12.00
# Visual Studio Version 17
VisualStudioVersion = 17.9.34728.123
MinimumVisualStudioVersion = 10.0.40219.1
Project("{FAE04EC0-301F-11D3-BF4B-00C04F79EFBC}") = "BDFIREBASE", "BDFIREBASE\BDFIREBASE.csproj", "{FFDADC0D-5DDF-4C3C-8F81-6356739C8CB3}"
EndProject
Global
	GlobalSection(SolutionConfigurationPlatforms) = preSolution
		Debug|Any CPU = Debug|Any CPU
		Release|Any CPU = Release|Any CPU
	EndGlobalSection
	GlobalSection(ProjectConfigurationPlatforms) = postSolution
		{FFDADC0D-5DDF-4C3C-8F81-6356739C8CB3}.Debug|Any CPU.ActiveCfg = Debug|Any CPU
		{FFDADC0D-5DDF-4C3C-8F81-6356739C8CB3}.Debug|Any CPU.Build.0 = Debug|Any CPU
		{FFDADC0D-5DDF-4C3C-8F81-6356739C8CB3}.Release|Any CPU.ActiveCfg = Release|Any CPU
		{FFDADC0D-5DDF-4C3C-8F81-6356739C8CB3}.Release|Any CPU.Build.0 = Release|Any CPU
	EndGlobalSection
	GlobalSection(SolutionProperties) = preSolution
		HideSolutionNode = FALSE
	EndGlobalSection
	GlobalSection(ExtensibilityGlobals) = postSolution
		SolutionGuid = {18887D1C-DCC8-40CD-B8E1-61704A94442C}
	EndGlobalSection
EndGlobal
